// !$*UTF8*$!
{
	archiveVersion = 1;
	classes = {
	};
	objectVersion = 77;
	objects = {

/* Begin PBXBuildFile section */
		C528644F2EC493360056F9F6 /* Projector in Frameworks */ = {isa = PBXBuildFile; productRef = C528644E2EC493360056F9F6 /* Projector */; };
/* End PBXBuildFile section */

/* Begin PBXContainerItemProxy section */
		C528642F2EC4929E0056F9F6 /* PBXContainerItemProxy */ = {
			isa = PBXContainerItemProxy;
			containerPortal = C52864102EC4929D0056F9F6 /* Project object */;
			proxyType = 1;
			remoteGlobalIDString = C52864172EC4929D0056F9F6;
			remoteInfo = ProjectorExample;
		};
		C52864392EC4929E0056F9F6 /* PBXContainerItemProxy */ = {
			isa = PBXContainerItemProxy;
			containerPortal = C52864102EC4929D0056F9F6 /* Project object */;
			proxyType = 1;
			remoteGlobalIDString = C52864172EC4929D0056F9F6;
			remoteInfo = ProjectorExample;
		};
/* End PBXContainerItemProxy section */

/* Begin PBXFileReference section */
		C52864182EC4929D0056F9F6 /* ProjectorExample.app */ = {isa = PBXFileReference; explicitFileType = wrapper.application; includeInIndex = 0; path = ProjectorExample.app; sourceTree = BUILT_PRODUCTS_DIR; };
		C528642E2EC4929E0056F9F6 /* ProjectorExampleTests.xctest */ = {isa = PBXFileReference; explicitFileType = wrapper.cfbundle; includeInIndex = 0; path = ProjectorExampleTests.xctest; sourceTree = BUILT_PRODUCTS_DIR; };
		C52864382EC4929E0056F9F6 /* ProjectorExampleUITests.xctest */ = {isa = PBXFileReference; explicitFileType = wrapper.cfbundle; includeInIndex = 0; path = ProjectorExampleUITests.xctest; sourceTree = BUILT_PRODUCTS_DIR; };
/* End PBXFileReference section */

/* Begin PBXFileSystemSynchronizedBuildFileExceptionSet section */
		C52864402EC4929E0056F9F6 /* Exceptions for "ProjectorExample" folder in "ProjectorExample" target */ = {
			isa = PBXFileSystemSynchronizedBuildFileExceptionSet;
			membershipExceptions = (
				Info.plist,
			);
			target = C52864172EC4929D0056F9F6 /* ProjectorExample */;
		};
/* End PBXFileSystemSynchronizedBuildFileExceptionSet section */

/* Begin PBXFileSystemSynchronizedRootGroup section */
		C528641A2EC4929D0056F9F6 /* ProjectorExample */ = {
			isa = PBXFileSystemSynchronizedRootGroup;
			exceptions = (
				C52864402EC4929E0056F9F6 /* Exceptions for "ProjectorExample" folder in "ProjectorExample" target */,
			);
			path = ProjectorExample;
			sourceTree = "<group>";
		};
		C52864312EC4929E0056F9F6 /* ProjectorExampleTests */ = {
			isa = PBXFileSystemSynchronizedRootGroup;
			path = ProjectorExampleTests;
			sourceTree = "<group>";
		};
		C528643B2EC4929E0056F9F6 /* ProjectorExampleUITests */ = {
			isa = PBXFileSystemSynchronizedRootGroup;
			path = ProjectorExampleUITests;
			sourceTree = "<group>";
		};
/* End PBXFileSystemSynchronizedRootGroup section */

/* Begin PBXFrameworksBuildPhase section */
		C52864152EC4929D0056F9F6 /* Frameworks */ = {
			isa = PBXFrameworksBuildPhase;
			buildActionMask = 2147483647;
			files = (
				C528644F2EC493360056F9F6 /* Projector in Frameworks */,
			);
			runOnlyForDeploymentPostprocessing = 0;
		};
		C528642B2EC4929E0056F9F6 /* Frameworks */ = {
			isa = PBXFrameworksBuildPhase;
			buildActionMask = 2147483647;
			files = (
			);
			runOnlyForDeploymentPostprocessing = 0;
		};
		C52864352EC4929E0056F9F6 /* Frameworks */ = {
			isa = PBXFrameworksBuildPhase;
			buildActionMask = 2147483647;
			files = (
			);
			runOnlyForDeploymentPostprocessing = 0;
		};
/* End PBXFrameworksBuildPhase section */

/* Begin PBXGroup section */
		C528640F2EC4929D0056F9F6 = {
			isa = PBXGroup;
			children = (
				C528641A2EC4929D0056F9F6 /* ProjectorExample */,
				C52864312EC4929E0056F9F6 /* ProjectorExampleTests */,
				C528643B2EC4929E0056F9F6 /* ProjectorExampleUITests */,
				C528644D2EC493360056F9F6 /* Frameworks */,
				C52864192EC4929D0056F9F6 /* Products */,
			);
			sourceTree = "<group>";
		};
		C52864192EC4929D0056F9F6 /* Products */ = {
			isa = PBXGroup;
			children = (
				C52864182EC4929D0056F9F6 /* ProjectorExample.app */,
				C528642E2EC4929E0056F9F6 /* ProjectorExampleTests.xctest */,
				C52864382EC4929E0056F9F6 /* ProjectorExampleUITests.xctest */,
			);
			name = Products;
			sourceTree = "<group>";
		};
		C528644D2EC493360056F9F6 /* Frameworks */ = {
			isa = PBXGroup;
			children = (
			);
			name = Frameworks;
			sourceTree = "<group>";
		};
/* End PBXGroup section */

/* Begin PBXNativeTarget section */
		C52864172EC4929D0056F9F6 /* ProjectorExample */ = {
			isa = PBXNativeTarget;
			buildConfigurationList = C52864412EC4929E0056F9F6 /* Build configuration list for PBXNativeTarget "ProjectorExample" */;
			buildPhases = (
				C52864142EC4929D0056F9F6 /* Sources */,
				C52864152EC4929D0056F9F6 /* Frameworks */,
				C52864162EC4929D0056F9F6 /* Resources */,
			);
			buildRules = (
			);
			dependencies = (
			);
			fileSystemSynchronizedGroups = (
				C528641A2EC4929D0056F9F6 /* ProjectorExample */,
			);
			name = ProjectorExample;
			packageProductDependencies = (
				C528644E2EC493360056F9F6 /* Projector */,
			);
			productName = ProjectorExample;
			productReference = C52864182EC4929D0056F9F6 /* ProjectorExample.app */;
			productType = "com.apple.product-type.application";
		};
		C528642D2EC4929E0056F9F6 /* ProjectorExampleTests */ = {
			isa = PBXNativeTarget;
			buildConfigurationList = C52864462EC4929E0056F9F6 /* Build configuration list for PBXNativeTarget "ProjectorExampleTests" */;
			buildPhases = (
				C528642A2EC4929E0056F9F6 /* Sources */,
				C528642B2EC4929E0056F9F6 /* Frameworks */,
				C528642C2EC4929E0056F9F6 /* Resources */,
			);
			buildRules = (
			);
			dependencies = (
				C52864302EC4929E0056F9F6 /* PBXTargetDependency */,
			);
			fileSystemSynchronizedGroups = (
				C52864312EC4929E0056F9F6 /* ProjectorExampleTests */,
			);
			name = ProjectorExampleTests;
			packageProductDependencies = (
			);
			productName = ProjectorExampleTests;
			productReference = C528642E2EC4929E0056F9F6 /* ProjectorExampleTests.xctest */;
			productType = "com.apple.product-type.bundle.unit-test";
		};
		C52864372EC4929E0056F9F6 /* ProjectorExampleUITests */ = {
			isa = PBXNativeTarget;
			buildConfigurationList = C52864492EC4929E0056F9F6 /* Build configuration list for PBXNativeTarget "ProjectorExampleUITests" */;
			buildPhases = (
				C52864342EC4929E0056F9F6 /* Sources */,
				C52864352EC4929E0056F9F6 /* Frameworks */,
				C52864362EC4929E0056F9F6 /* Resources */,
			);
			buildRules = (
			);
			dependencies = (
				C528643A2EC4929E0056F9F6 /* PBXTargetDependency */,
			);
			fileSystemSynchronizedGroups = (
				C528643B2EC4929E0056F9F6 /* ProjectorExampleUITests */,
			);
			name = ProjectorExampleUITests;
			packageProductDependencies = (
			);
			productName = ProjectorExampleUITests;
			productReference = C52864382EC4929E0056F9F6 /* ProjectorExampleUITests.xctest */;
			productType = "com.apple.product-type.bundle.ui-testing";
		};
/* End PBXNativeTarget section */

/* Begin PBXProject section */
		C52864102EC4929D0056F9F6 /* Project object */ = {
			isa = PBXProject;
			attributes = {
				BuildIndependentTargetsInParallel = 1;
				LastSwiftUpdateCheck = 2610;
				LastUpgradeCheck = 2610;
				TargetAttributes = {
					C52864172EC4929D0056F9F6 = {
						CreatedOnToolsVersion = 26.1;
					};
					C528642D2EC4929E0056F9F6 = {
						CreatedOnToolsVersion = 26.1;
						TestTargetID = C52864172EC4929D0056F9F6;
					};
					C52864372EC4929E0056F9F6 = {
						CreatedOnToolsVersion = 26.1;
						TestTargetID = C52864172EC4929D0056F9F6;
					};
				};
			};
			buildConfigurationList = C52864132EC4929D0056F9F6 /* Build configuration list for PBXProject "ProjectorExample" */;
			developmentRegion = en;
			hasScannedForEncodings = 0;
			knownRegions = (
				en,
				Base,
			);
			mainGroup = C528640F2EC4929D0056F9F6;
			minimizedProjectReferenceProxies = 1;
			packageReferences = (
				C528644C2EC493290056F9F6 /* XCLocalSwiftPackageReference "../Projector" */,
			);
			preferredProjectObjectVersion = 77;
			productRefGroup = C52864192EC4929D0056F9F6 /* Products */;
			projectDirPath = "";
			projectRoot = "";
			targets = (
				C52864172EC4929D0056F9F6 /* ProjectorExample */,
				C528642D2EC4929E0056F9F6 /* ProjectorExampleTests */,
				C52864372EC4929E0056F9F6 /* ProjectorExampleUITests */,
			);
		};
/* End PBXProject section */

/* Begin PBXResourcesBuildPhase section */
		C52864162EC4929D0056F9F6 /* Resources */ = {
			isa = PBXResourcesBuildPhase;
			buildActionMask = 2147483647;
			files = (
			);
			runOnlyForDeploymentPostprocessing = 0;
		};
		C528642C2EC4929E0056F9F6 /* Resources */ = {
			isa = PBXResourcesBuildPhase;
			buildActionMask = 2147483647;
			files = (
			);
			runOnlyForDeploymentPostprocessing = 0;
		};
		C52864362EC4929E0056F9F6 /* Resources */ = {
			isa = PBXResourcesBuildPhase;
			buildActionMask = 2147483647;
			files = (
			);
			runOnlyForDeploymentPostprocessing = 0;
		};
/* End PBXResourcesBuildPhase section */

/* Begin PBXSourcesBuildPhase section */
		C52864142EC4929D0056F9F6 /* Sources */ = {
			isa = PBXSourcesBuildPhase;
			buildActionMask = 2147483647;
			files = (
			);
			runOnlyForDeploymentPostprocessing = 0;
		};
		C528642A2EC4929E0056F9F6 /* Sources */ = {
			isa = PBXSourcesBuildPhase;
			buildActionMask = 2147483647;
			files = (
			);
			runOnlyForDeploymentPostprocessing = 0;
		};
		C52864342EC4929E0056F9F6 /* Sources */ = {
			isa = PBXSourcesBuildPhase;
			buildActionMask = 2147483647;
			files = (
			);
			runOnlyForDeploymentPostprocessing = 0;
		};
/* End PBXSourcesBuildPhase section */

/* Begin PBXTargetDependency section */
		C52864302EC4929E0056F9F6 /* PBXTargetDependency */ = {
			isa = PBXTargetDependency;
			target = C52864172EC4929D0056F9F6 /* ProjectorExample */;
			targetProxy = C528642F2EC4929E0056F9F6 /* PBXContainerItemProxy */;
		};
		C528643A2EC4929E0056F9F6 /* PBXTargetDependency */ = {
			isa = PBXTargetDependency;
			target = C52864172EC4929D0056F9F6 /* ProjectorExample */;
			targetProxy = C52864392EC4929E0056F9F6 /* PBXContainerItemProxy */;
		};
/* End PBXTargetDependency section */

/* Begin XCBuildConfiguration section */
		C52864422EC4929E0056F9F6 /* Debug */ = {
			isa = XCBuildConfiguration;
			buildSettings = {
				ASSETCATALOG_COMPILER_APPICON_NAME = AppIcon;
				ASSETCATALOG_COMPILER_GLOBAL_ACCENT_COLOR_NAME = AccentColor;
				CODE_SIGN_STYLE = Automatic;
				CURRENT_PROJECT_VERSION = 1;
				DEVELOPMENT_TEAM = AMD4AC8KYB;
				GENERATE_INFOPLIST_FILE = YES;
				INFOPLIST_FILE = ProjectorExample/Info.plist;
				INFOPLIST_KEY_UIApplicationSupportsIndirectInputEvents = YES;
				INFOPLIST_KEY_UILaunchStoryboardName = LaunchScreen;
				INFOPLIST_KEY_UIMainStoryboardFile = Main;
				INFOPLIST_KEY_UISupportedInterfaceOrientations_iPad = "UIInterfaceOrientationPortrait UIInterfaceOrientationPortraitUpsideDown UIInterfaceOrientationLandscapeLeft UIInterfaceOrientationLandscapeRight";
				INFOPLIST_KEY_UISupportedInterfaceOrientations_iPhone = "UIInterfaceOrientationPortrait UIInterfaceOrientationLandscapeLeft UIInterfaceOrientationLandscapeRight";
				LD_RUNPATH_SEARCH_PATHS = (
					"$(inherited)",
					"@executable_path/Frameworks",
				);
				MARKETING_VERSION = 1.0;
				PRODUCT_BUNDLE_IDENTIFIER = com.uhuApps.ProjectorExample;
				PRODUCT_NAME = "$(TARGET_NAME)";
				STRING_CATALOG_GENERATE_SYMBOLS = YES;
				SWIFT_APPROACHABLE_CONCURRENCY = YES;
				SWIFT_DEFAULT_ACTOR_ISOLATION = MainActor;
				SWIFT_EMIT_LOC_STRINGS = YES;
				SWIFT_UPCOMING_FEATURE_MEMBER_IMPORT_VISIBILITY = YES;
				SWIFT_VERSION = 5.0;
				TARGETED_DEVICE_FAMILY = "1,2";
			};
			name = Debug;
		};
		C52864432EC4929E0056F9F6 /* Release */ = {
			isa = XCBuildConfiguration;
			buildSettings = {
				ASSETCATALOG_COMPILER_APPICON_NAME = AppIcon;
				ASSETCATALOG_COMPILER_GLOBAL_ACCENT_COLOR_NAME = AccentColor;
				CODE_SIGN_STYLE = Automatic;
				CURRENT_PROJECT_VERSION = 1;
				DEVELOPMENT_TEAM = AMD4AC8KYB;
				GENERATE_INFOPLIST_FILE = YES;
				INFOPLIST_FILE = ProjectorExample/Info.plist;
				INFOPLIST_KEY_UIApplicationSupportsIndirectInputEvents = YES;
				INFOPLIST_KEY_UILaunchStoryboardName = LaunchScreen;
				INFOPLIST_KEY_UIMainStoryboardFile = Main;
				INFOPLIST_KEY_UISupportedInterfaceOrientations_iPad = "UIInterfaceOrientationPortrait UIInterfaceOrientationPortraitUpsideDown UIInterfaceOrientationLandscapeLeft UIInterfaceOrientationLandscapeRight";
				INFOPLIST_KEY_UISupportedInterfaceOrientations_iPhone = "UIInterfaceOrientationPortrait UIInterfaceOrientationLandscapeLeft UIInterfaceOrientationLandscapeRight";
				LD_RUNPATH_SEARCH_PATHS = (
					"$(inherited)",
					"@executable_path/Frameworks",
				);
				MARKETING_VERSION = 1.0;
				PRODUCT_BUNDLE_IDENTIFIER = com.uhuApps.ProjectorExample;
				PRODUCT_NAME = "$(TARGET_NAME)";
				STRING_CATALOG_GENERATE_SYMBOLS = YES;
				SWIFT_APPROACHABLE_CONCURRENCY = YES;
				SWIFT_DEFAULT_ACTOR_ISOLATION = MainActor;
				SWIFT_EMIT_LOC_STRINGS = YES;
				SWIFT_UPCOMING_FEATURE_MEMBER_IMPORT_VISIBILITY = YES;
				SWIFT_VERSION = 5.0;
				TARGETED_DEVICE_FAMILY = "1,2";
			};
			name = Release;
		};
		C52864442EC4929E0056F9F6 /* Debug */ = {
			isa = XCBuildConfiguration;
			buildSettings = {
				ALWAYS_SEARCH_USER_PATHS = NO;
				ASSETCATALOG_COMPILER_GENERATE_SWIFT_ASSET_SYMBOL_EXTENSIONS = YES;
				CLANG_ANALYZER_NONNULL = YES;
				CLANG_ANALYZER_NUMBER_OBJECT_CONVERSION = YES_AGGRESSIVE;
				CLANG_CXX_LANGUAGE_STANDARD = "gnu++20";
				CLANG_ENABLE_MODULES = YES;
				CLANG_ENABLE_OBJC_ARC = YES;
				CLANG_ENABLE_OBJC_WEAK = YES;
				CLANG_WARN_BLOCK_CAPTURE_AUTORELEASING = YES;
				CLANG_WARN_BOOL_CONVERSION = YES;
				CLANG_WARN_COMMA = YES;
				CLANG_WARN_CONSTANT_CONVERSION = YES;
				CLANG_WARN_DEPRECATED_OBJC_IMPLEMENTATIONS = YES;
				CLANG_WARN_DIRECT_OBJC_ISA_USAGE = YES_ERROR;
				CLANG_WARN_DOCUMENTATION_COMMENTS = YES;
				CLANG_WARN_EMPTY_BODY = YES;
				CLANG_WARN_ENUM_CONVERSION = YES;
				CLANG_WARN_INFINITE_RECURSION = YES;
				CLANG_WARN_INT_CONVERSION = YES;
				CLANG_WARN_NON_LITERAL_NULL_CONVERSION = YES;
				CLANG_WARN_OBJC_IMPLICIT_RETAIN_SELF = YES;
				CLANG_WARN_OBJC_LITERAL_CONVERSION = YES;
				CLANG_WARN_OBJC_ROOT_CLASS = YES_ERROR;
				CLANG_WARN_QUOTED_INCLUDE_IN_FRAMEWORK_HEADER = YES;
				CLANG_WARN_RANGE_LOOP_ANALYSIS = YES;
				CLANG_WARN_STRICT_PROTOTYPES = YES;
				CLANG_WARN_SUSPICIOUS_MOVE = YES;
				CLANG_WARN_UNGUARDED_AVAILABILITY = YES_AGGRESSIVE;
				CLANG_WARN_UNREACHABLE_CODE = YES;
				CLANG_WARN__DUPLICATE_METHOD_MATCH = YES;
				COPY_PHASE_STRIP = NO;
				DEBUG_INFORMATION_FORMAT = dwarf;
				DEVELOPMENT_TEAM = AMD4AC8KYB;
				ENABLE_STRICT_OBJC_MSGSEND = YES;
				ENABLE_TESTABILITY = YES;
				ENABLE_USER_SCRIPT_SANDBOXING = YES;
				GCC_C_LANGUAGE_STANDARD = gnu17;
				GCC_DYNAMIC_NO_PIC = NO;
				GCC_NO_COMMON_BLOCKS = YES;
				GCC_OPTIMIZATION_LEVEL = 0;
				GCC_PREPROCESSOR_DEFINITIONS = (
					"DEBUG=1",
					"$(inherited)",
				);
				GCC_WARN_64_TO_32_BIT_CONVERSION = YES;
				GCC_WARN_ABOUT_RETURN_TYPE = YES_ERROR;
				GCC_WARN_UNDECLARED_SELECTOR = YES;
				GCC_WARN_UNINITIALIZED_AUTOS = YES_AGGRESSIVE;
				GCC_WARN_UNUSED_FUNCTION = YES;
				GCC_WARN_UNUSED_VARIABLE = YES;
				IPHONEOS_DEPLOYMENT_TARGET = 26.1;
				LOCALIZATION_PREFERS_STRING_CATALOGS = YES;
				MTL_ENABLE_DEBUG_INFO = INCLUDE_SOURCE;
				MTL_FAST_MATH = YES;
				ONLY_ACTIVE_ARCH = YES;
				SDKROOT = iphoneos;
				SWIFT_ACTIVE_COMPILATION_CONDITIONS = "DEBUG $(inherited)";
				SWIFT_OPTIMIZATION_LEVEL = "-Onone";
			};
			name = Debug;
		};
		C52864452EC4929E0056F9F6 /* Release */ = {
			isa = XCBuildConfiguration;
			buildSettings = {
				ALWAYS_SEARCH_USER_PATHS = NO;
				ASSETCATALOG_COMPILER_GENERATE_SWIFT_ASSET_SYMBOL_EXTENSIONS = YES;
				CLANG_ANALYZER_NONNULL = YES;
				CLANG_ANALYZER_NUMBER_OBJECT_CONVERSION = YES_AGGRESSIVE;
				CLANG_CXX_LANGUAGE_STANDARD = "gnu++20";
				CLANG_ENABLE_MODULES = YES;
				CLANG_ENABLE_OBJC_ARC = YES;
				CLANG_ENABLE_OBJC_WEAK = YES;
				CLANG_WARN_BLOCK_CAPTURE_AUTORELEASING = YES;
				CLANG_WARN_BOOL_CONVERSION = YES;
				CLANG_WARN_COMMA = YES;
				CLANG_WARN_CONSTANT_CONVERSION = YES;
				CLANG_WARN_DEPRECATED_OBJC_IMPLEMENTATIONS = YES;
				CLANG_WARN_DIRECT_OBJC_ISA_USAGE = YES_ERROR;
				CLANG_WARN_DOCUMENTATION_COMMENTS = YES;
				CLANG_WARN_EMPTY_BODY = YES;
				CLANG_WARN_ENUM_CONVERSION = YES;
				CLANG_WARN_INFINITE_RECURSION = YES;
				CLANG_WARN_INT_CONVERSION = YES;
				CLANG_WARN_NON_LITERAL_NULL_CONVERSION = YES;
				CLANG_WARN_OBJC_IMPLICIT_RETAIN_SELF = YES;
				CLANG_WARN_OBJC_LITERAL_CONVERSION = YES;
				CLANG_WARN_OBJC_ROOT_CLASS = YES_ERROR;
				CLANG_WARN_QUOTED_INCLUDE_IN_FRAMEWORK_HEADER = YES;
				CLANG_WARN_RANGE_LOOP_ANALYSIS = YES;
				CLANG_WARN_STRICT_PROTOTYPES = YES;
				CLANG_WARN_SUSPICIOUS_MOVE = YES;
				CLANG_WARN_UNGUARDED_AVAILABILITY = YES_AGGRESSIVE;
				CLANG_WARN_UNREACHABLE_CODE = YES;
				CLANG_WARN__DUPLICATE_METHOD_MATCH = YES;
				COPY_PHASE_STRIP = NO;
				DEBUG_INFORMATION_FORMAT = "dwarf-with-dsym";
				DEVELOPMENT_TEAM = AMD4AC8KYB;
				ENABLE_NS_ASSERTIONS = NO;
				ENABLE_STRICT_OBJC_MSGSEND = YES;
				ENABLE_USER_SCRIPT_SANDBOXING = YES;
				GCC_C_LANGUAGE_STANDARD = gnu17;
				GCC_NO_COMMON_BLOCKS = YES;
				GCC_WARN_64_TO_32_BIT_CONVERSION = YES;
				GCC_WARN_ABOUT_RETURN_TYPE = YES_ERROR;
				GCC_WARN_UNDECLARED_SELECTOR = YES;
				GCC_WARN_UNINITIALIZED_AUTOS = YES_AGGRESSIVE;
				GCC_WARN_UNUSED_FUNCTION = YES;
				GCC_WARN_UNUSED_VARIABLE = YES;
				IPHONEOS_DEPLOYMENT_TARGET = 26.1;
				LOCALIZATION_PREFERS_STRING_CATALOGS = YES;
				MTL_ENABLE_DEBUG_INFO = NO;
				MTL_FAST_MATH = YES;
				SDKROOT = iphoneos;
				SWIFT_COMPILATION_MODE = wholemodule;
				VALIDATE_PRODUCT = YES;
			};
			name = Release;
		};
		C52864472EC4929E0056F9F6 /* Debug */ = {
			isa = XCBuildConfiguration;
			buildSettings = {
				BUNDLE_LOADER = "$(TEST_HOST)";
				CODE_SIGN_STYLE = Automatic;
				CURRENT_PROJECT_VERSION = 1;
				DEVELOPMENT_TEAM = AMD4AC8KYB;
				GENERATE_INFOPLIST_FILE = YES;
				IPHONEOS_DEPLOYMENT_TARGET = 26.1;
				MARKETING_VERSION = 1.0;
				PRODUCT_BUNDLE_IDENTIFIER = com.uhuApps.ProjectorExampleTests;
				PRODUCT_NAME = "$(TARGET_NAME)";
				STRING_CATALOG_GENERATE_SYMBOLS = NO;
				SWIFT_APPROACHABLE_CONCURRENCY = YES;
				SWIFT_EMIT_LOC_STRINGS = NO;
				SWIFT_UPCOMING_FEATURE_MEMBER_IMPORT_VISIBILITY = YES;
				SWIFT_VERSION = 5.0;
				TARGETED_DEVICE_FAMILY = "1,2";
				TEST_HOST = "$(BUILT_PRODUCTS_DIR)/ProjectorExample.app/$(BUNDLE_EXECUTABLE_FOLDER_PATH)/ProjectorExample";
			};
			name = Debug;
		};
		C52864482EC4929E0056F9F6 /* Release */ = {
			isa = XCBuildConfiguration;
			buildSettings = {
				BUNDLE_LOADER = "$(TEST_HOST)";
				CODE_SIGN_STYLE = Automatic;
				CURRENT_PROJECT_VERSION = 1;
				DEVELOPMENT_TEAM = AMD4AC8KYB;
				GENERATE_INFOPLIST_FILE = YES;
				IPHONEOS_DEPLOYMENT_TARGET = 26.1;
				MARKETING_VERSION = 1.0;
				PRODUCT_BUNDLE_IDENTIFIER = com.uhuApps.ProjectorExampleTests;
				PRODUCT_NAME = "$(TARGET_NAME)";
				STRING_CATALOG_GENERATE_SYMBOLS = NO;
				SWIFT_APPROACHABLE_CONCURRENCY = YES;
				SWIFT_EMIT_LOC_STRINGS = NO;
				SWIFT_UPCOMING_FEATURE_MEMBER_IMPORT_VISIBILITY = YES;
				SWIFT_VERSION = 5.0;
				TARGETED_DEVICE_FAMILY = "1,2";
				TEST_HOST = "$(BUILT_PRODUCTS_DIR)/ProjectorExample.app/$(BUNDLE_EXECUTABLE_FOLDER_PATH)/ProjectorExample";
			};
			name = Release;
		};
		C528644A2EC4929E0056F9F6 /* Debug */ = {
			isa = XCBuildConfiguration;
			buildSettings = {
				CODE_SIGN_STYLE = Automatic;
				CURRENT_PROJECT_VERSION = 1;
				DEVELOPMENT_TEAM = AMD4AC8KYB;
				GENERATE_INFOPLIST_FILE = YES;
				MARKETING_VERSION = 1.0;
				PRODUCT_BUNDLE_IDENTIFIER = com.uhuApps.ProjectorExampleUITests;
				PRODUCT_NAME = "$(TARGET_NAME)";
				STRING_CATALOG_GENERATE_SYMBOLS = NO;
				SWIFT_APPROACHABLE_CONCURRENCY = YES;
				SWIFT_EMIT_LOC_STRINGS = NO;
				SWIFT_UPCOMING_FEATURE_MEMBER_IMPORT_VISIBILITY = YES;
				SWIFT_VERSION = 5.0;
				TARGETED_DEVICE_FAMILY = "1,2";
				TEST_TARGET_NAME = ProjectorExample;
			};
			name = Debug;
		};
		C528644B2EC4929E0056F9F6 /* Release */ = {
			isa = XCBuildConfiguration;
			buildSettings = {
				CODE_SIGN_STYLE = Automatic;
				CURRENT_PROJECT_VERSION = 1;
				DEVELOPMENT_TEAM = AMD4AC8KYB;
				GENERATE_INFOPLIST_FILE = YES;
				MARKETING_VERSION = 1.0;
				PRODUCT_BUNDLE_IDENTIFIER = com.uhuApps.ProjectorExampleUITests;
				PRODUCT_NAME = "$(TARGET_NAME)";
				STRING_CATALOG_GENERATE_SYMBOLS = NO;
				SWIFT_APPROACHABLE_CONCURRENCY = YES;
				SWIFT_EMIT_LOC_STRINGS = NO;
				SWIFT_UPCOMING_FEATURE_MEMBER_IMPORT_VISIBILITY = YES;
				SWIFT_VERSION = 5.0;
				TARGETED_DEVICE_FAMILY = "1,2";
				TEST_TARGET_NAME = ProjectorExample;
			};
			name = Release;
		};
/* End XCBuildConfiguration section */

/* Begin XCConfigurationList section */
		C52864132EC4929D0056F9F6 /* Build configuration list for PBXProject "ProjectorExample" */ = {
			isa = XCConfigurationList;
			buildConfigurations = (
				C52864442EC4929E0056F9F6 /* Debug */,
				C52864452EC4929E0056F9F6 /* Release */,
			);
			defaultConfigurationIsVisible = 0;
			defaultConfigurationName = Release;
		};
		C52864412EC4929E0056F9F6 /* Build configuration list for PBXNativeTarget "ProjectorExample" */ = {
			isa = XCConfigurationList;
			buildConfigurations = (
				C52864422EC4929E0056F9F6 /* Debug */,
				C52864432EC4929E0056F9F6 /* Release */,
			);
			defaultConfigurationIsVisible = 0;
			defaultConfigurationName = Release;
		};
		C52864462EC4929E0056F9F6 /* Build configuration list for PBXNativeTarget "ProjectorExampleTests" */ = {
			isa = XCConfigurationList;
			buildConfigurations = (
				C52864472EC4929E0056F9F6 /* Debug */,
				C52864482EC4929E0056F9F6 /* Release */,
			);
			defaultConfigurationIsVisible = 0;
			defaultConfigurationName = Release;
		};
		C52864492EC4929E0056F9F6 /* Build configuration list for PBXNativeTarget "ProjectorExampleUITests" */ = {
			isa = XCConfigurationList;
			buildConfigurations = (
				C528644A2EC4929E0056F9F6 /* Debug */,
				C528644B2EC4929E0056F9F6 /* Release */,
			);
			defaultConfigurationIsVisible = 0;
			defaultConfigurationName = Release;
		};
/* End XCConfigurationList section */

/* Begin XCLocalSwiftPackageReference section */
		C528644C2EC493290056F9F6 /* XCLocalSwiftPackageReference "../Projector" */ = {
			isa = XCLocalSwiftPackageReference;
			relativePath = ../Projector;
		};
/* End XCLocalSwiftPackageReference section */

/* Begin XCSwiftPackageProductDependency section */
		C528644E2EC493360056F9F6 /* Projector */ = {
			isa = XCSwiftPackageProductDependency;
			package = C528644C2EC493290056F9F6 /* XCLocalSwiftPackageReference "../Projector" */;
			productName = Projector;
		};
/* End XCSwiftPackageProductDependency section */
	};
	rootObject = C52864102EC4929D0056F9F6 /* Project object */;
}
